
Microsoft Visual Studio Solution File, Format Version 12.00
# Visual Studio 15
VisualStudioVersion = 15.0.28010.2036
MinimumVisualStudioVersion = 10.0.40219.1
Project("{9A19103F-16F7-4668-BE54-9A1E7A4F7556}") = "TestingEntityFrameworkCore", "TestingEntityFrameworkCore\TestingEntityFrameworkCore.csproj", "{35839FDB-BC40-4BE5-A19D-79CF59626439}"
EndProject
Project("{FAE04EC0-301F-11D3-BF4B-00C04F79EFBC}") = "TestingEntityFrameworkCoreCodeFirst", "TestingEntityFrameworkCoreCodeFirst\TestingEntityFrameworkCoreCodeFirst.csproj", "{8CD594B9-A095-48C1-AD1D-D4634E2929C1}"
EndProject
Global
	GlobalSection(SolutionConfigurationPlatforms) = preSolution
		Debug|Any CPU = Debug|Any CPU
		Release|Any CPU = Release|Any CPU
	EndGlobalSection
	GlobalSection(ProjectConfigurationPlatforms) = postSolution
		{35839FDB-BC40-4BE5-A19D-79CF59626439}.Debug|Any CPU.ActiveCfg = Debug|Any CPU
		{35839FDB-BC40-4BE5-A19D-79CF59626439}.Debug|Any CPU.Build.0 = Debug|Any CPU
		{35839FDB-BC40-4BE5-A19D-79CF59626439}.Release|Any CPU.ActiveCfg = Release|Any CPU
		{35839FDB-BC40-4BE5-A19D-79CF59626439}.Release|Any CPU.Build.0 = Release|Any CPU
		{8CD594B9-A095-48C1-AD1D-D4634E2929C1}.Debug|Any CPU.ActiveCfg = Debug|Any CPU
		{8CD594B9-A095-48C1-AD1D-D4634E2929C1}.Debug|Any CPU.Build.0 = Debug|Any CPU
		{8CD594B9-A095-48C1-AD1D-D4634E2929C1}.Release|Any CPU.ActiveCfg = Release|Any CPU
		{8CD594B9-A095-48C1-AD1D-D4634E2929C1}.Release|Any CPU.Build.0 = Release|Any CPU
	EndGlobalSection
	GlobalSection(SolutionProperties) = preSolution
		HideSolutionNode = FALSE
	EndGlobalSection
	GlobalSection(ExtensibilityGlobals) = postSolution
		SolutionGuid = {70E8C37D-46AC-47C9-8D9E-95BD1DD442C4}
	EndGlobalSection
EndGlobal
